{
  "nodes": {
    "bitnet-flake": {
      "inputs": {
        "nixpkgs": [
          "nixpkgs"
        ]
      },
      "locked": {
        "lastModified": 1776849100,
        "narHash": "sha256-S3aXOTQXe3fhjTQhkF/ZfqHtkRfsBM75HGKbrNQwgNU=",
        "owner": "general-intelligence-systems",
        "repo": "bitnet-flake",
        "rev": "e7ec72147e6928cf67ae3366e07a2f1d4d69080e",
        "type": "github"
      },
      "original": {
        "owner": "general-intelligence-systems",
        "repo": "bitnet-flake",
        "type": "github"
      }
    },
    "chaotic": {
      "inputs": {
        "flake-schemas": "flake-schemas",
        "home-manager": "home-manager",
        "jovian": "jovian",
        "niks3": "niks3",
        "nixpkgs": [
          "nixpkgs"
        ],
        "rust-overlay": "rust-overlay"
      },
      "locked": {
        "lastModified": 1781441175,
        "narHash": "sha256-01OgMPKWFfJ7Lt/K+ZgpD+DHQSFB3766tEQVYVePhjI=",
        "owner": "chaotic-cx",
        "repo": "nyx",
        "rev": "2a203730214dfaf5de52e1fd0e03bcbb8e34c44a",
        "type": "github"
      },
      "original": {
        "owner": "chaotic-cx",
        "ref": "nyxpkgs-unstable",
        "repo": "nyx",
        "type": "github"
      }
    },
    "devshells": {
      "inputs": {
        "nixphps": "nixphps",
        "nixpkgs": [
          "nixpkgs"
        ]
      },
      "locked": {
        "lastModified": 1696826274,
        "narHash": "sha256-wSgiH11yRQZf4JfcnIlSekr1jHaE/y1OBXn1diukIY8=",
        "owner": "gburd",
        "repo": "devshells",
        "rev": "9e8da77202d216b2a21de1cba773a1706a8445f5",
        "type": "github"
      },
      "original": {
        "owner": "gburd",
        "repo": "devshells",
        "type": "github"
      }
    },
    "disko": {
      "inputs": {
        "nixpkgs": [
          "nixpkgs"
        ]
      },
      "locked": {
        "lastModified": 1781152676,
        "narHash": "sha256-RxWs5ND31KzTG7wvMM+PMfUjyNpmIEr999lqNARaM5o=",
        "owner": "nix-community",
        "repo": "disko",
        "rev": "ff8702b4de27f72b4c78573dfb89ec74e36abdf1",
        "type": "github"
      },
      "original": {
        "owner": "nix-community",
        "repo": "disko",
        "type": "github"
      }
    },
    "flake-compat": {
      "flake": false,
      "locked": {
        "lastModified": 1673956053,
        "narHash": "sha256-4gtG9iQuiKITOjNQQeQIpoIB6b16fm+504Ch3sNKLd8=",
        "owner": "edolstra",
        "repo": "flake-compat",
        "rev": "35bb57c0c8d8b62bbfd284272c928ceb64ddbde9",
        "type": "github"
      },
      "original": {
        "owner": "edolstra",
        "repo": "flake-compat",
        "type": "github"
      }
    },
    "flake-schemas": {
      "locked": {
        "lastModified": 1721999734,
        "narHash": "sha256-G5CxYeJVm4lcEtaO87LKzOsVnWeTcHGKbKxNamNWgOw=",
        "rev": "0a5c42297d870156d9c57d8f99e476b738dcd982",
        "revCount": 75,
        "type": "tarball",
        "url": "https://api.flakehub.com/f/pinned/DeterminateSystems/flake-schemas/0.1.5/0190ef2f-61e0-794b-ba14-e82f225e55e6/source.tar.gz"
      },
      "original": {
        "type": "tarball",
        "url": "https://flakehub.com/f/DeterminateSystems/flake-schemas/%3D0.1.5.tar.gz"
      }
    },
    "flake-utils": {
      "inputs": {
        "systems": "systems_2"
      },
      "locked": {
        "lastModified": 1681202837,
        "narHash": "sha256-H+Rh19JDwRtpVPAWp64F+rlEtxUWBAQW28eAi3SRSzg=",
        "owner": "numtide",
        "repo": "flake-utils",
        "rev": "cfacdce06f30d2b68473a46042957675eebb3401",
        "type": "github"
      },
      "original": {
        "owner": "numtide",
        "repo": "flake-utils",
        "type": "github"
      }
    },
    "home-manager": {
      "inputs": {
        "nixpkgs": [
          "chaotic",
          "nixpkgs"
        ]
      },
      "locked": {
        "lastModified": 1781365335,
        "narHash": "sha256-zqDBhXMzfbdlO7F2bGHe7MOtB3xngd/+4ieMHDC+ZXo=",
        "owner": "nix-community",
        "repo": "home-manager",
        "rev": "5b6f5733726a1b2ccafb5dec6ac4ca7299fad66c",
        "type": "github"
      },
      "original": {
        "owner": "nix-community",
        "repo": "home-manager",
        "type": "github"
      }
    },
    "home-manager_2": {
      "inputs": {
        "nixpkgs": [
          "nixpkgs-unstable"
        ]
      },
      "locked": {
        "lastModified": 1779506708,
        "narHash": "sha256-QOD/CNm196nCJRheux/URi4/HE66fthdOMqCJoPP1Y0=",
        "owner": "nix-community",
        "repo": "home-manager",
        "rev": "3ee51fbdac8c8bdfe1e7e1fcaba6520a563f394f",
        "type": "github"
      },
      "original": {
        "owner": "nix-community",
        "ref": "release-25.11",
        "repo": "home-manager",
        "type": "github"
      }
    },
    "home-manager_3": {
      "inputs": {
        "nixpkgs": [
          "impermanence",
          "nixpkgs"
        ]
      },
      "locked": {
        "lastModified": 1768598210,
        "narHash": "sha256-kkgA32s/f4jaa4UG+2f8C225Qvclxnqs76mf8zvTVPg=",
        "owner": "nix-community",
        "repo": "home-manager",
        "rev": "c47b2cc64a629f8e075de52e4742de688f930dc6",
        "type": "github"
      },
      "original": {
        "owner": "nix-community",
        "repo": "home-manager",
        "type": "github"
      }
    },
    "impermanence": {
      "inputs": {
        "home-manager": "home-manager_3",
        "nixpkgs": "nixpkgs_2"
      },
      "locked": {
        "lastModified": 1769548169,
        "narHash": "sha256-03+JxvzmfwRu+5JafM0DLbxgHttOQZkUtDWBmeUkN8Y=",
        "owner": "nix-community",
        "repo": "impermanence",
        "rev": "7b1d382faf603b6d264f58627330f9faa5cba149",
        "type": "github"
      },
      "original": {
        "owner": "nix-community",
        "repo": "impermanence",
        "type": "github"
      }
    },
    "jovian": {
      "inputs": {
        "nix-github-actions": [
          "chaotic"
        ],
        "nixpkgs": [
          "chaotic",
          "nixpkgs"
        ]
      },
      "locked": {
        "lastModified": 1781344759,
        "narHash": "sha256-S6UBeQM7NLaQX6RZYS65fMypWfRQL/F4iRu0y8sTLPc=",
        "owner": "Jovian-Experiments",
        "repo": "Jovian-NixOS",
        "rev": "ffac737e4117f7e9f070d38078801a5433f19d5b",
        "type": "github"
      },
      "original": {
        "owner": "Jovian-Experiments",
        "repo": "Jovian-NixOS",
        "type": "github"
      }
    },
    "niks3": {
      "inputs": {
        "nixpkgs": [
          "chaotic",
          "nixpkgs"
        ],
        "treefmt-nix": [
          "chaotic"
        ]
      },
      "locked": {
        "lastModified": 1781027181,
        "narHash": "sha256-IHIUd1/lYTaS4ilHZNV6+x0fchxDpvUdMjwnnEBASu4=",
        "owner": "Mic92",
        "repo": "niks3",
        "rev": "c74d275536d9a38ff279b498612fae0fd68cfe85",
        "type": "github"
      },
      "original": {
        "owner": "Mic92",
        "repo": "niks3",
        "rev": "c74d275536d9a38ff279b498612fae0fd68cfe85",
        "type": "github"
      }
    },
    "nix-darwin": {
      "inputs": {
        "nixpkgs": [
          "nixpkgs-unstable"
        ]
      },
      "locked": {
        "lastModified": 1781242433,
        "narHash": "sha256-bchLZZ3sRn740zyvD2icZSnNoTaanN0nw7l6fjVXO+E=",
        "owner": "LnL7",
        "repo": "nix-darwin",
        "rev": "aabb2037edfc0f210723b72cd5f528aab5dd3f0b",
        "type": "github"
      },
      "original": {
        "owner": "LnL7",
        "repo": "nix-darwin",
        "type": "github"
      }
    },
    "nix-formatter-pack": {
      "inputs": {
        "nixpkgs": [
          "nixpkgs"
        ],
        "nmd": "nmd",
        "nmt": "nmt"
      },
      "locked": {
        "lastModified": 1778074909,
        "narHash": "sha256-kO3+QMRbNrhVPQ6yd1DoovTi9Vp0xQLQ7FnAvHGLTaU=",
        "owner": "Gerschtli",
        "repo": "nix-formatter-pack",
        "rev": "14a8e67a835271a8294ad84d49243a5b12a73cf9",
        "type": "github"
      },
      "original": {
        "owner": "Gerschtli",
        "repo": "nix-formatter-pack",
        "type": "github"
      }
    },
    "nixlib": {
      "locked": {
        "lastModified": 1693701915,
        "narHash": "sha256-waHPLdDYUOHSEtMKKabcKIMhlUOHPOOPQ9UyFeEoovs=",
        "owner": "nix-community",
        "repo": "nixpkgs.lib",
        "rev": "f5af57d3ef9947a70ac86e42695231ac1ad00c25",
        "type": "github"
      },
      "original": {
        "owner": "nix-community",
        "repo": "nixpkgs.lib",
        "type": "github"
      }
    },
    "nixos-generators": {
      "inputs": {
        "nixlib": "nixlib",
        "nixpkgs": [
          "nixpkgs-unstable"
        ]
      },
      "locked": {
        "lastModified": 1701140600,
        "narHash": "sha256-cAaj5Hf6lgAO+GGPMN+5lf3PlbTLjr/lGq/yqDT9PoU=",
        "owner": "tcarrio",
        "repo": "nixos-generators",
        "rev": "2a728c313f4b765bed326a3e24d8b547722ca311",
        "type": "github"
      },
      "original": {
        "owner": "tcarrio",
        "repo": "nixos-generators",
        "type": "github"
      }
    },
    "nixos-hardware": {
      "inputs": {
        "nixpkgs": "nixpkgs_3"
      },
      "locked": {
        "lastModified": 1781168557,
        "narHash": "sha256-LOnLQ2tpYF9gqIDDr3+j3DbpJJr/QCH6zPRT2GzEUOE=",
        "owner": "NixOS",
        "repo": "nixos-hardware",
        "rev": "6358ff76821101c178e3ab4919a62799bfe3652e",
        "type": "github"
      },
      "original": {
        "owner": "NixOS",
        "ref": "master",
        "repo": "nixos-hardware",
        "type": "github"
      }
    },
    "nixphps": {
      "inputs": {
        "flake-compat": "flake-compat",
        "nixpkgs": "nixpkgs",
        "utils": "utils"
      },
      "locked": {
        "lastModified": 1696146809,
        "narHash": "sha256-+VjRYETjJn/ibiZtnCTf719dYzTdu0ehOIlu2TfxSJI=",
        "owner": "fossar",
        "repo": "nix-phps",
        "rev": "305a8f56fa39a18db59e9dd3c2e8f1c9e0932feb",
        "type": "github"
      },
      "original": {
        "owner": "fossar",
        "repo": "nix-phps",
        "type": "github"
      }
    },
    "nixpkgs": {
      "locked": {
        "lastModified": 1695978539,
        "narHash": "sha256-lta5HToBZMWZ2hl5CautNSUgIZViR41QxN7JKbMAjgQ=",
        "owner": "NixOS",
        "repo": "nixpkgs",
        "rev": "bd9b686c0168041aea600222be0805a0de6e6ab8",
        "type": "github"
      },
      "original": {
        "owner": "NixOS",
        "ref": "nixpkgs-unstable",
        "repo": "nixpkgs",
        "type": "github"
      }
    },
    "nixpkgs-trunk": {
      "locked": {
        "lastModified": 1781445199,
        "narHash": "sha256-Kumx+azJzZN4IfzbqXTrfXCgwXeSTnSvP2zkyN3NeZA=",
        "owner": "nixos",
        "repo": "nixpkgs",
        "rev": "4c0fb4e909a7b870449d11c65ce8a26952ecec27",
        "type": "github"
      },
      "original": {
        "owner": "nixos",
        "ref": "master",
        "repo": "nixpkgs",
        "type": "github"
      }
    },
    "nixpkgs-unstable": {
      "locked": {
        "lastModified": 1781074563,
        "narHash": "sha256-md8WlXOlfnIeHeOScMTTHFyf2d6iaTwPl2apR5EQ3P4=",
        "owner": "nixos",
        "repo": "nixpkgs",
        "rev": "9ae611a455b90cf061d8f332b977e387bda8e1ca",
        "type": "github"
      },
      "original": {
        "owner": "nixos",
        "ref": "nixos-unstable",
        "repo": "nixpkgs",
        "type": "github"
      }
    },
    "nixpkgs_2": {
      "locked": {
        "lastModified": 1768564909,
        "narHash": "sha256-Kell/SpJYVkHWMvnhqJz/8DqQg2b6PguxVWOuadbHCc=",
        "owner": "nixos",
        "repo": "nixpkgs",
        "rev": "e4bae1bd10c9c57b2cf517953ab70060a828ee6f",
        "type": "github"
      },
      "original": {
        "owner": "nixos",
        "ref": "nixos-unstable",
        "repo": "nixpkgs",
        "type": "github"
      }
    },
    "nixpkgs_3": {
      "locked": {
        "lastModified": 1767892417,
        "narHash": "sha256-8bW3q88CEg2u4hSP66Vf4lpbLonHz7hqDNBMcCY7E9U=",
        "rev": "3497aa5c9457a9d88d71fa93a4a8368816fbeeba",
        "type": "tarball",
        "url": "https://releases.nixos.org/nixos/unstable/nixos-26.05pre924538.3497aa5c9457/nixexprs.tar.xz"
      },
      "original": {
        "type": "tarball",
        "url": "https://channels.nixos.org/nixos-unstable/nixexprs.tar.xz"
      }
    },
    "nixpkgs_4": {
      "locked": {
        "lastModified": 1780952837,
        "narHash": "sha256-Fwd1+spDtQ0hDyBwme6ufG3n4mY0UrjjFdYHv+G/Hds=",
        "owner": "nixos",
        "repo": "nixpkgs",
        "rev": "e820eb4a444b46a19b2e03e8dfd2359439ff30fe",
        "type": "github"
      },
      "original": {
        "owner": "nixos",
        "ref": "nixos-25.11",
        "repo": "nixpkgs",
        "type": "github"
      }
    },
    "nmd": {
      "flake": false,
      "locked": {
        "lastModified": 1666190571,
        "narHash": "sha256-Z1hc7M9X6L+H83o9vOprijpzhTfOBjd0KmUTnpHAVjA=",
        "owner": "rycee",
        "repo": "nmd",
        "rev": "b75d312b4f33bd3294cd8ae5c2ca8c6da2afc169",
        "type": "gitlab"
      },
      "original": {
        "owner": "rycee",
        "repo": "nmd",
        "type": "gitlab"
      }
    },
    "nmt": {
      "flake": false,
      "locked": {
        "lastModified": 1648075362,
        "narHash": "sha256-u36WgzoA84dMVsGXzml4wZ5ckGgfnvS0ryzo/3zn/Pc=",
        "owner": "rycee",
        "repo": "nmt",
        "rev": "d83601002c99b78c89ea80e5e6ba21addcfe12ae",
        "type": "gitlab"
      },
      "original": {
        "owner": "rycee",
        "repo": "nmt",
        "type": "gitlab"
      }
    },
    "ponytail": {
      "flake": false,
      "locked": {
        "lastModified": 1781516977,
        "narHash": "sha256-kF+EJr5WxOaI/3k15Cl3WUFVUQPkI5RIY5swRL65XIA=",
        "owner": "DietrichGebert",
        "repo": "ponytail",
        "rev": "60a75f8159de451320055afb2e0796b3fea636f6",
        "type": "github"
      },
      "original": {
        "owner": "DietrichGebert",
        "repo": "ponytail",
        "type": "github"
      }
    },
    "postgresq-skills-claude": {
      "flake": false,
      "locked": {
        "lastModified": 1780152820,
        "narHash": "sha256-kGNePRlpmbnqMVFK3ZeyHk9oFTUriEjm1wJJcIgEI0E=",
        "ref": "claude",
        "rev": "cac17c13bec8bbc1a7f9da579d393d66a480b552",
        "revCount": 9,
        "type": "git",
        "url": "https://codeberg.org/ddx/skills.git"
      },
      "original": {
        "ref": "claude",
        "type": "git",
        "url": "https://codeberg.org/ddx/skills.git"
      }
    },
    "postgresq-skills-codex": {
      "flake": false,
      "locked": {
        "lastModified": 1780152856,
        "narHash": "sha256-wnjhZdckUkmRm6gUkcvKFIWy+R+oeIoORFDuS3Sfe3I=",
        "ref": "codex",
        "rev": "c0577d257d81e78401ca2effeee09a856d6d8286",
        "revCount": 13,
        "type": "git",
        "url": "https://codeberg.org/ddx/skills.git"
      },
      "original": {
        "ref": "codex",
        "type": "git",
        "url": "https://codeberg.org/ddx/skills.git"
      }
    },
    "postgresq-skills-kiro": {
      "flake": false,
      "locked": {
        "lastModified": 1780152829,
        "narHash": "sha256-/W/Gy6C0SYsyX4ku0CaNcM2YY5YCtA54uuT/U+/Also=",
        "ref": "kiro",
        "rev": "52a807dc0d843272d09633c4a71e3ea7a12ef812",
        "revCount": 9,
        "type": "git",
        "url": "https://codeberg.org/ddx/skills.git"
      },
      "original": {
        "ref": "kiro",
        "type": "git",
        "url": "https://codeberg.org/ddx/skills.git"
      }
    },
    "postgresq-skills-maki": {
      "flake": false,
      "locked": {
        "lastModified": 1780152865,
        "narHash": "sha256-jN7jeSj8kq9rwhRdl+8P6ehdMX/uwkLvwogCcZy/Ozg=",
        "ref": "maki",
        "rev": "aa657c95d90ae7ed855a79a4734f4dceb2ffaf21",
        "revCount": 9,
        "type": "git",
        "url": "https://codeberg.org/ddx/skills.git"
      },
      "original": {
        "ref": "maki",
        "type": "git",
        "url": "https://codeberg.org/ddx/skills.git"
      }
    },
    "postgresq-skills-pi": {
      "flake": false,
      "locked": {
        "lastModified": 1780152838,
        "narHash": "sha256-Esk35tMiSkyT7l0arPbVGSM5l8l977sMm8hBRSz8s48=",
        "ref": "pi",
        "rev": "ca3262f2bb7e3ece3786184fbd9c409ca7341d74",
        "revCount": 9,
        "type": "git",
        "url": "https://codeberg.org/ddx/skills.git"
      },
      "original": {
        "ref": "pi",
        "type": "git",
        "url": "https://codeberg.org/ddx/skills.git"
      }
    },
    "root": {
      "inputs": {
        "bitnet-flake": "bitnet-flake",
        "chaotic": "chaotic",
        "devshells": "devshells",
        "disko": "disko",
        "home-manager": "home-manager_2",
        "impermanence": "impermanence",
        "nix-darwin": "nix-darwin",
        "nix-formatter-pack": "nix-formatter-pack",
        "nixos-generators": "nixos-generators",
        "nixos-hardware": "nixos-hardware",
        "nixpkgs": "nixpkgs_4",
        "nixpkgs-trunk": "nixpkgs-trunk",
        "nixpkgs-unstable": "nixpkgs-unstable",
        "ponytail": "ponytail",
        "postgresq-skills-claude": "postgresq-skills-claude",
        "postgresq-skills-codex": "postgresq-skills-codex",
        "postgresq-skills-kiro": "postgresq-skills-kiro",
        "postgresq-skills-maki": "postgresq-skills-maki",
        "postgresq-skills-pi": "postgresq-skills-pi",
        "skillspector": "skillspector",
        "sops-nix": "sops-nix",
        "vscode-server": "vscode-server"
      }
    },
    "rust-overlay": {
      "inputs": {
        "nixpkgs": [
          "chaotic",
          "nixpkgs"
        ]
      },
      "locked": {
        "lastModified": 1781407245,
        "narHash": "sha256-VzJq4MmD0uyNDAceudSe1hHqcQMe9Tau0U4S+5iRGh0=",
        "owner": "oxalica",
        "repo": "rust-overlay",
        "rev": "d5f483210eb016d66102eef22baa128b3b3233fc",
        "type": "github"
      },
      "original": {
        "owner": "oxalica",
        "repo": "rust-overlay",
        "type": "github"
      }
    },
    "skillspector": {
      "flake": false,
      "locked": {
        "lastModified": 1781375669,
        "narHash": "sha256-nIKFu6+7hTegLJjtyEMJXNdyiM+EJ86Q6ufRolat34E=",
        "owner": "NVIDIA",
        "repo": "SkillSpector",
        "rev": "cff7ecc4f2881d9e23ea4bb801a6353e1dbe39e6",
        "type": "github"
      },
      "original": {
        "owner": "NVIDIA",
        "repo": "SkillSpector",
        "type": "github"
      }
    },
    "sops-nix": {
      "inputs": {
        "nixpkgs": [
          "nixpkgs"
        ]
      },
      "locked": {
        "lastModified": 1780547341,
        "narHash": "sha256-Gq8KNx5A7hBB3uGJaj6eQfLDIz5YdLu92gqBcvHvoUo=",
        "owner": "mic92",
        "repo": "sops-nix",
        "rev": "9ed65852b6257fbeae4355bc24ecfea307ca759a",
        "type": "github"
      },
      "original": {
        "owner": "mic92",
        "repo": "sops-nix",
        "type": "github"
      }
    },
    "systems": {
      "locked": {
        "lastModified": 1681028828,
        "narHash": "sha256-Vy1rq5AaRuLzOxct8nz4T6wlgyUR7zLU309k9mBC768=",
        "owner": "nix-systems",
        "repo": "default",
        "rev": "da67096a3b9bf56a91d16901293e51ba5b49a27e",
        "type": "github"
      },
      "original": {
        "owner": "nix-systems",
        "repo": "default",
        "type": "github"
      }
    },
    "systems_2": {
      "locked": {
        "lastModified": 1681028828,
        "narHash": "sha256-Vy1rq5AaRuLzOxct8nz4T6wlgyUR7zLU309k9mBC768=",
        "owner": "nix-systems",
        "repo": "default",
        "rev": "da67096a3b9bf56a91d16901293e51ba5b49a27e",
        "type": "github"
      },
      "original": {
        "owner": "nix-systems",
        "repo": "default",
        "type": "github"
      }
    },
    "utils": {
      "inputs": {
        "systems": "systems"
      },
      "locked": {
        "lastModified": 1694529238,
        "narHash": "sha256-zsNZZGTGnMOf9YpHKJqMSsa0dXbfmxeoJ7xHlrt+xmY=",
        "owner": "numtide",
        "repo": "flake-utils",
        "rev": "ff7b65b44d01cf9ba6a71320833626af21126384",
        "type": "github"
      },
      "original": {
        "owner": "numtide",
        "repo": "flake-utils",
        "type": "github"
      }
    },
    "vscode-server": {
      "inputs": {
        "flake-utils": "flake-utils",
        "nixpkgs": [
          "nixpkgs"
        ]
      },
      "locked": {
        "lastModified": 1770124655,
        "narHash": "sha256-yHmd2B13EtBUPLJ+x0EaBwNkQr9LTne1arLVxT6hSnY=",
        "owner": "msteen",
        "repo": "nixos-vscode-server",
        "rev": "92ce71c3ba5a94f854e02d57b14af4997ab54ef0",
        "type": "github"
      },
      "original": {
        "owner": "msteen",
        "repo": "nixos-vscode-server",
        "type": "github"
      }
    }
  },
  "root": "root",
  "version": 7
}
